
Microsoft Visual Studio Solution File, Format Version 12.00
# Visual Studio Version 16
VisualStudioVersion = 16.0.30907.101
MinimumVisualStudioVersion = 10.0.40219.1
Project("{FAE04EC0-301F-11D3-BF4B-00C04F79EFBC}") = "OSMWebScraper", "OSMWebScraper\OSMWebScraper.csproj", "{278BEC83-A953-449F-A106-322EF0E250A5}"
EndProject
Global
	GlobalSection(SolutionConfigurationPlatforms) = preSolution
		Debug|Any CPU = Debug|Any CPU
		Release|Any CPU = Release|Any CPU
	EndGlobalSection
	GlobalSection(ProjectConfigurationPlatforms) = postSolution
		{278BEC83-A953-449F-A106-322EF0E250A5}.Debug|Any CPU.ActiveCfg = Debug|Any CPU
		{278BEC83-A953-449F-A106-322EF0E250A5}.Debug|Any CPU.Build.0 = Debug|Any CPU
		{278BEC83-A953-449F-A106-322EF0E250A5}.Release|Any CPU.ActiveCfg = Release|Any CPU
		{278BEC83-A953-449F-A106-322EF0E250A5}.Release|Any CPU.Build.0 = Release|Any CPU
	EndGlobalSection
	GlobalSection(SolutionProperties) = preSolution
		HideSolutionNode = FALSE
	EndGlobalSection
	GlobalSection(ExtensibilityGlobals) = postSolution
		SolutionGuid = {4C2E312F-E43E-4E4D-A3F0-F9B7799630D4}
	EndGlobalSection
EndGlobal
